
Microsoft Visual Studio Solution File, Format Version 12.00
# Visual Studio Version 17
VisualStudioVersion = 17.5.002.0
MinimumVisualStudioVersion = 10.0.40219.1
Project("{9A19103F-16F7-4668-BE54-9A1E7A4F7556}") = "testoperaciones", "testoperaciones.csproj", "{C17F75EC-753D-467A-956E-F803CA817C7A}"
EndProject
Global
	GlobalSection(SolutionConfigurationPlatforms) = preSolution
		Debug|Any CPU = Debug|Any CPU
		Release|Any CPU = Release|Any CPU
	EndGlobalSection
	GlobalSection(ProjectConfigurationPlatforms) = postSolution
		{C17F75EC-753D-467A-956E-F803CA817C7A}.Debug|Any CPU.ActiveCfg = Debug|Any CPU
		{C17F75EC-753D-467A-956E-F803CA817C7A}.Debug|Any CPU.Build.0 = Debug|Any CPU
		{C17F75EC-753D-467A-956E-F803CA817C7A}.Release|Any CPU.ActiveCfg = Release|Any CPU
		{C17F75EC-753D-467A-956E-F803CA817C7A}.Release|Any CPU.Build.0 = Release|Any CPU
	EndGlobalSection
	GlobalSection(SolutionProperties) = preSolution
		HideSolutionNode = FALSE
	EndGlobalSection
	GlobalSection(ExtensibilityGlobals) = postSolution
		SolutionGuid = {EBE14B74-CECA-4B1E-AF20-EEEC69CB5F8E}
	EndGlobalSection
EndGlobal
